
Microsoft Visual Studio Solution File, Format Version 12.00
# Visual Studio Version 17
VisualStudioVersion = 17.8.34330.188
MinimumVisualStudioVersion = 10.0.40219.1
Project("{9A19103F-16F7-4668-BE54-9A1E7A4F7556}") = "Hive.Data", "Hive.Data\Hive.Data.csproj", "{802C1FC9-77AC-45E2-9F56-01B6F2C1C063}"
EndProject
Project("{9A19103F-16F7-4668-BE54-9A1E7A4F7556}") = "Hive.Api", "Hive.Api\Hive.Api.csproj", "{05F1C04B-D389-4461-8226-DF8ACFB05412}"
EndProject
Project("{2150E333-8FDC-42A3-9474-1A3956D46DE8}") = "Solution Items", "Solution Items", "{E126D507-AE9A-4E8B-937D-EC2D73ED3362}"
	ProjectSection(SolutionItems) = preProject
		.gitignore = .gitignore
		HICSDev.sql = HICSDev.sql
	EndProjectSection
EndProject
Project("{FAE04EC0-301F-11D3-BF4B-00C04F79EFBC}") = "Hive.Utilities", "Hive.Utilities\Hive.Utilities.csproj", "{4FC23D49-EBFD-4AD3-A782-DDB794B58695}"
EndProject
Global
	GlobalSection(SolutionConfigurationPlatforms) = preSolution
		Debug|Any CPU = Debug|Any CPU
		Release|Any CPU = Release|Any CPU
	EndGlobalSection
	GlobalSection(ProjectConfigurationPlatforms) = postSolution
		{802C1FC9-77AC-45E2-9F56-01B6F2C1C063}.Debug|Any CPU.ActiveCfg = Debug|Any CPU
		{802C1FC9-77AC-45E2-9F56-01B6F2C1C063}.Debug|Any CPU.Build.0 = Debug|Any CPU
		{802C1FC9-77AC-45E2-9F56-01B6F2C1C063}.Release|Any CPU.ActiveCfg = Release|Any CPU
		{802C1FC9-77AC-45E2-9F56-01B6F2C1C063}.Release|Any CPU.Build.0 = Release|Any CPU
		{05F1C04B-D389-4461-8226-DF8ACFB05412}.Debug|Any CPU.ActiveCfg = Debug|Any CPU
		{05F1C04B-D389-4461-8226-DF8ACFB05412}.Debug|Any CPU.Build.0 = Debug|Any CPU
		{05F1C04B-D389-4461-8226-DF8ACFB05412}.Release|Any CPU.ActiveCfg = Release|Any CPU
		{05F1C04B-D389-4461-8226-DF8ACFB05412}.Release|Any CPU.Build.0 = Release|Any CPU
		{4FC23D49-EBFD-4AD3-A782-DDB794B58695}.Debug|Any CPU.ActiveCfg = Debug|Any CPU
		{4FC23D49-EBFD-4AD3-A782-DDB794B58695}.Debug|Any CPU.Build.0 = Debug|Any CPU
		{4FC23D49-EBFD-4AD3-A782-DDB794B58695}.Release|Any CPU.ActiveCfg = Release|Any CPU
		{4FC23D49-EBFD-4AD3-A782-DDB794B58695}.Release|Any CPU.Build.0 = Release|Any CPU
	EndGlobalSection
	GlobalSection(SolutionProperties) = preSolution
		HideSolutionNode = FALSE
	EndGlobalSection
	GlobalSection(ExtensibilityGlobals) = postSolution
		SolutionGuid = {F3EB4DB1-D397-4A47-B3FF-960B79B55DC3}
	EndGlobalSection
EndGlobal
